
Microsoft Visual Studio Solution File, Format Version 12.00
# Visual Studio Version 17
VisualStudioVersion = 17.10.35013.160
MinimumVisualStudioVersion = 10.0.40219.1
Project("{FAE04EC0-301F-11D3-BF4B-00C04F79EFBC}") = "ST10361554-CLDV6211-Order-Workflow-Function", "ST10361554-CLDV6211-Order-Workflow-Function.csproj", "{E08048D7-43BC-415E-BA69-CFA4CD3449F6}"
EndProject
Global
	GlobalSection(SolutionConfigurationPlatforms) = preSolution
		Debug|Any CPU = Debug|Any CPU
		Release|Any CPU = Release|Any CPU
	EndGlobalSection
	GlobalSection(ProjectConfigurationPlatforms) = postSolution
		{E08048D7-43BC-415E-BA69-CFA4CD3449F6}.Debug|Any CPU.ActiveCfg = Debug|Any CPU
		{E08048D7-43BC-415E-BA69-CFA4CD3449F6}.Debug|Any CPU.Build.0 = Debug|Any CPU
		{E08048D7-43BC-415E-BA69-CFA4CD3449F6}.Release|Any CPU.ActiveCfg = Release|Any CPU
		{E08048D7-43BC-415E-BA69-CFA4CD3449F6}.Release|Any CPU.Build.0 = Release|Any CPU
	EndGlobalSection
	GlobalSection(SolutionProperties) = preSolution
		HideSolutionNode = FALSE
	EndGlobalSection
	GlobalSection(ExtensibilityGlobals) = postSolution
		SolutionGuid = {3244C1C5-B1F6-4DCF-8AC5-6A484FE20513}
	EndGlobalSection
EndGlobal
