
Microsoft Visual Studio Solution File, Format Version 12.00
# Visual Studio Version 17
VisualStudioVersion = 17.9.34728.123
MinimumVisualStudioVersion = 10.0.40219.1
Project("{FAE04EC0-301F-11D3-BF4B-00C04F79EFBC}") = "ST10361554-CLDV6211-POE-Part-2", "ST10361554-CLDV6211-POE-Part-2.csproj", "{D42A060B-9D34-4A25-9FEC-127B38CEAD63}"
EndProject
Global
	GlobalSection(SolutionConfigurationPlatforms) = preSolution
		Debug|Any CPU = Debug|Any CPU
		Release|Any CPU = Release|Any CPU
	EndGlobalSection
	GlobalSection(ProjectConfigurationPlatforms) = postSolution
		{D42A060B-9D34-4A25-9FEC-127B38CEAD63}.Debug|Any CPU.ActiveCfg = Debug|Any CPU
		{D42A060B-9D34-4A25-9FEC-127B38CEAD63}.Debug|Any CPU.Build.0 = Debug|Any CPU
		{D42A060B-9D34-4A25-9FEC-127B38CEAD63}.Release|Any CPU.ActiveCfg = Release|Any CPU
		{D42A060B-9D34-4A25-9FEC-127B38CEAD63}.Release|Any CPU.Build.0 = Release|Any CPU
	EndGlobalSection
	GlobalSection(SolutionProperties) = preSolution
		HideSolutionNode = FALSE
	EndGlobalSection
	GlobalSection(ExtensibilityGlobals) = postSolution
		SolutionGuid = {C816B550-25A0-4228-B998-DAD55DA0D4FD}
	EndGlobalSection
EndGlobal
